lockfileVersion: '9.0'

settings:
  autoInstallPeers: true
  excludeLinksFromLockfile: false

importers:

  .:
    dependencies:
      chalk:
        specifier: ^4.1.2
        version: 4.1.2
      prompts:
        specifier: ^2.4.2
        version: 2.4.2
    devDependencies:
      conventional-changelog-cli:
        specifier: ^5.0.0
        version: 5.0.0(conventional-commits-filter@5.0.0)

packages:

  '@babel/code-frame@7.27.1':
    resolution: {integrity: sha512-cjQ7ZlQ0Mv3b47hABuTevyTuYN4i+loJKGeV9flcCgIK37cCXRh+L1bd3iBHlynerhQ7BhCkn2BPbQUL+rGqFg==}
    engines: {node: '>=6.9.0'}

  '@babel/helper-validator-identifier@7.27.1':
    resolution: {integrity: sha512-D2hP9eA+Sqx1kBZgzxZh0y1trbuU+JoDkiEwqhQ36nodYqJwyEIhPSdMNd7lOm/4io72luTPWH20Yda0xOuUow==}
    engines: {node: '>=6.9.0'}

  '@conventional-changelog/git-client@1.0.1':
    resolution: {integrity: sha512-PJEqBwAleffCMETaVm/fUgHldzBE35JFk3/9LL6NUA5EXa3qednu+UT6M7E5iBu3zIQZCULYIiZ90fBYHt6xUw==}
    engines: {node: '>=18'}
    peerDependencies:
      conventional-commits-filter: ^5.0.0
      conventional-commits-parser: ^6.0.0
    peerDependenciesMeta:
      conventional-commits-filter:
        optional: true
      conventional-commits-parser:
        optional: true

  '@hutson/parse-repository-url@5.0.0':
    resolution: {integrity: sha512-e5+YUKENATs1JgYHMzTr2MW/NDcXGfYFAuOQU8gJgF/kEh4EqKgfGrfLI67bMD4tbhZVlkigz/9YYwWcbOFthg==}
    engines: {node: '>=10.13.0'}

  '@types/normalize-package-data@2.4.4':
    resolution: {integrity: sha512-37i+OaWTh9qeK4LSHPsyRC7NahnGotNuZvjLSgcPzblpHB3rrCJxAOgI5gCdKm7coonsaX1Of0ILiTcnZjbfxA==}

  '@types/semver@7.7.0':
    resolution: {integrity: sha512-k107IF4+Xr7UHjwDc7Cfd6PRQfbdkiRabXGRjo07b4WyPahFBZCZ1sE+BNxYIJPPg73UkfOsVOLwqVc/6ETrIA==}

  add-stream@1.0.0:
    resolution: {integrity: sha512-qQLMr+8o0WC4FZGQTcJiKBVC59JylcPSrTtk6usvmIDFUOCKegapy1VHQwRbFMOFyb/inzUVqHs+eMYKDM1YeQ==}

  ansi-styles@4.3.0:
    resolution: {integrity: sha512-zbB9rCJAT1rbjiVDb2hqKFHNYLxgtk8NURxZ3IZwD3F6NtxbXZQCnnSi1Lkx+IDohdPlFp222wVALIheZJQSEg==}
    engines: {node: '>=8'}

  array-ify@1.0.0:
    resolution: {integrity: sha512-c5AMf34bKdvPhQ7tBGhqkgKNUzMr4WUs+WDtC2ZUGOUncbxKMTvqxYctiseW3+L4bA8ec+GcZ6/A/FW4m8ukng==}

  chalk@4.1.2:
    resolution: {integrity: sha512-oKnbhFyRIXpUuez8iBMmyEa4nbj4IOQyuhc/wy9kY7/WVPcwIO9VA668Pu8RkO7+0G76SLROeyw9CpQ061i4mA==}
    engines: {node: '>=10'}

  color-convert@2.0.1:
    resolution: {integrity: sha512-RRECPsj7iu/xb5oKYcsFHSppFNnsj/52OVTRKb4zP5onXwVF3zVmmToNcOfGC+CRDpfK/U584fMg38ZHCaElKQ==}
    engines: {node: '>=7.0.0'}

  color-name@1.1.4:
    resolution: {integrity: sha512-dOy+3AuW3a2wNbZHIuMZpTcgjGuLU/uBL/ubcZF9OXbDo8ff4O8yVp5Bf0efS8uEoYo5q4Fx7dY9OgQGXgAsQA==}

  compare-func@2.0.0:
    resolution: {integrity: sha512-zHig5N+tPWARooBnb0Zx1MFcdfpyJrfTJ3Y5L+IFvUm8rM74hHz66z0gw0x4tijh5CorKkKUCnW82R2vmpeCRA==}

  conventional-changelog-angular@8.0.0:
    resolution: {integrity: sha512-CLf+zr6St0wIxos4bmaKHRXWAcsCXrJU6F4VdNDrGRK3B8LDLKoX3zuMV5GhtbGkVR/LohZ6MT6im43vZLSjmA==}
    engines: {node: '>=18'}

  conventional-changelog-atom@5.0.0:
    resolution: {integrity: sha512-WfzCaAvSCFPkznnLgLnfacRAzjgqjLUjvf3MftfsJzQdDICqkOOpcMtdJF3wTerxSpv2IAAjX8doM3Vozqle3g==}
    engines: {node: '>=18'}

  conventional-changelog-cli@5.0.0:
    resolution: {integrity: sha512-9Y8fucJe18/6ef6ZlyIlT2YQUbczvoQZZuYmDLaGvcSBP+M6h+LAvf7ON7waRxKJemcCII8Yqu5/8HEfskTxJQ==}
    engines: {node: '>=18'}
    hasBin: true

  conventional-changelog-codemirror@5.0.0:
    resolution: {integrity: sha512-8gsBDI5Y3vrKUCxN6Ue8xr6occZ5nsDEc4C7jO/EovFGozx8uttCAyfhRrvoUAWi2WMm3OmYs+0mPJU7kQdYWQ==}
    engines: {node: '>=18'}

  conventional-changelog-conventionalcommits@8.0.0:
    resolution: {integrity: sha512-eOvlTO6OcySPyyyk8pKz2dP4jjElYunj9hn9/s0OB+gapTO8zwS9UQWrZ1pmF2hFs3vw1xhonOLGcGjy/zgsuA==}
    engines: {node: '>=18'}

  conventional-changelog-core@8.0.0:
    resolution: {integrity: sha512-EATUx5y9xewpEe10UEGNpbSHRC6cVZgO+hXQjofMqpy+gFIrcGvH3Fl6yk2VFKh7m+ffenup2N7SZJYpyD9evw==}
    engines: {node: '>=18'}

  conventional-changelog-ember@5.0.0:
    resolution: {integrity: sha512-RPflVfm5s4cSO33GH/Ey26oxhiC67akcxSKL8CLRT3kQX2W3dbE19sSOM56iFqUJYEwv9mD9r6k79weWe1urfg==}
    engines: {node: '>=18'}

  conventional-changelog-eslint@6.0.0:
    resolution: {integrity: sha512-eiUyULWjzq+ybPjXwU6NNRflApDWlPEQEHvI8UAItYW/h22RKkMnOAtfCZxMmrcMO1OKUWtcf2MxKYMWe9zJuw==}
    engines: {node: '>=18'}

  conventional-changelog-express@5.0.0:
    resolution: {integrity: sha512-D8Q6WctPkQpvr2HNCCmwU5GkX22BVHM0r4EW8vN0230TSyS/d6VQJDAxGb84lbg0dFjpO22MwmsikKL++Oo/oQ==}
    engines: {node: '>=18'}

  conventional-changelog-jquery@6.0.0:
    resolution: {integrity: sha512-2kxmVakyehgyrho2ZHBi90v4AHswkGzHuTaoH40bmeNqUt20yEkDOSpw8HlPBfvEQBwGtbE+5HpRwzj6ac2UfA==}
    engines: {node: '>=18'}

  conventional-changelog-jshint@5.0.0:
    resolution: {integrity: sha512-gGNphSb/opc76n2eWaO6ma4/Wqu3tpa2w7i9WYqI6Cs2fncDSI2/ihOfMvXveeTTeld0oFvwMVNV+IYQIk3F3g==}
    engines: {node: '>=18'}

  conventional-changelog-preset-loader@5.0.0:
    resolution: {integrity: sha512-SetDSntXLk8Jh1NOAl1Gu5uLiCNSYenB5tm0YVeZKePRIgDW9lQImromTwLa3c/Gae298tsgOM+/CYT9XAl0NA==}
    engines: {node: '>=18'}

  conventional-changelog-writer@8.1.0:
    resolution: {integrity: sha512-dpC440QnORNCO81XYuRRFOLCsjKj4W7tMkUIn3lR6F/FAaJcWLi7iCj6IcEvSQY2zw6VUgwUKd5DEHKEWrpmEQ==}
    engines: {node: '>=18'}
    hasBin: true

  conventional-changelog@6.0.0:
    resolution: {integrity: sha512-tuUH8H/19VjtD9Ig7l6TQRh+Z0Yt0NZ6w/cCkkyzUbGQTnUEmKfGtkC9gGfVgCfOL1Rzno5NgNF4KY8vR+Jo3w==}
    engines: {node: '>=18'}

  conventional-commits-filter@5.0.0:
    resolution: {integrity: sha512-tQMagCOC59EVgNZcC5zl7XqO30Wki9i9J3acbUvkaosCT6JX3EeFwJD7Qqp4MCikRnzS18WXV3BLIQ66ytu6+Q==}
    engines: {node: '>=18'}

  conventional-commits-parser@6.1.0:
    resolution: {integrity: sha512-5nxDo7TwKB5InYBl4ZC//1g9GRwB/F3TXOGR9hgUjMGfvSP4Vu5NkpNro2+1+TIEy1vwxApl5ircECr2ri5JIw==}
    engines: {node: '>=18'}
    hasBin: true

  dot-prop@5.3.0:
    resolution: {integrity: sha512-QM8q3zDe58hqUqjraQOmzZ1LIH9SWQJTlEKCH4kJ2oQvLZk7RbQXvtDM2XEq3fwkV9CCvvH4LA0AV+ogFsBM2Q==}
    engines: {node: '>=8'}

  find-up-simple@1.0.1:
    resolution: {integrity: sha512-afd4O7zpqHeRyg4PfDQsXmlDe2PfdHtJt6Akt8jOWaApLOZk5JXs6VMR29lz03pRe9mpykrRCYIYxaJYcfpncQ==}
    engines: {node: '>=18'}

  git-raw-commits@5.0.0:
    resolution: {integrity: sha512-I2ZXrXeOc0KrCvC7swqtIFXFN+rbjnC7b2T943tvemIOVNl+XP8YnA9UVwqFhzzLClnSA60KR/qEjLpXzs73Qg==}
    engines: {node: '>=18'}
    hasBin: true

  git-semver-tags@8.0.0:
    resolution: {integrity: sha512-N7YRIklvPH3wYWAR2vysaqGLPRcpwQ0GKdlqTiVN5w1UmCdaeY3K8s6DMKRCh54DDdzyt/OAB6C8jgVtb7Y2Fg==}
    engines: {node: '>=18'}
    hasBin: true

  handlebars@4.7.8:
    resolution: {integrity: sha512-vafaFqs8MZkRrSX7sFVUdo3ap/eNiLnb4IakshzvP56X5Nr1iGKAIqdX6tMlm6HcNRIkr6AxO5jFEoJzzpT8aQ==}
    engines: {node: '>=0.4.7'}
    hasBin: true

  has-flag@4.0.0:
    resolution: {integrity: sha512-EykJT/Q1KjTWctppgIAgfSO0tKVuZUjhgMr17kqTumMl6Afv3EISleU7qZUzoXDFTAHTDC4NOoG/ZxU3EvlMPQ==}
    engines: {node: '>=8'}

  hosted-git-info@7.0.2:
    resolution: {integrity: sha512-puUZAUKT5m8Zzvs72XWy3HtvVbTWljRE66cP60bxJzAqf2DgICo7lYTY2IHUmLnNpjYvw5bvmoHvPc0QO2a62w==}
    engines: {node: ^16.14.0 || >=18.0.0}

  index-to-position@1.1.0:
    resolution: {integrity: sha512-XPdx9Dq4t9Qk1mTMbWONJqU7boCoumEH7fRET37HX5+khDUl3J2W6PdALxhILYlIYx2amlwYcRPp28p0tSiojg==}
    engines: {node: '>=18'}

  is-obj@2.0.0:
    resolution: {integrity: sha512-drqDG3cbczxxEJRoOXcOjtdp1J/lyp1mNn0xaznRs8+muBhgQcrnbspox5X5fOw0HnMnbfDzvnEMEtqDEJEo8w==}
    engines: {node: '>=8'}

  js-tokens@4.0.0:
    resolution: {integrity: sha512-RdJUflcE3cUzKiMqQgsCu06FPu9UdIJO0beYbPhHN4k6apgJtifcoCtT9bcxOpYBtpD2kCM6Sbzg4CausW/PKQ==}

  kleur@3.0.3:
    resolution: {integrity: sha512-eTIzlVOSUR+JxdDFepEYcBMtZ9Qqdef+rnzWdRZuMbOywu5tO2w2N7rqjoANZ5k9vywhL6Br1VRjUIgTQx4E8w==}
    engines: {node: '>=6'}

  lru-cache@10.4.3:
    resolution: {integrity: sha512-JNAzZcXrCt42VGLuYz0zfAzDfAvJWW6AfYlDBQyDV5DClI2m5sAmK+OIO7s59XfsRsWHp02jAJrRadPRGTt6SQ==}

  meow@13.2.0:
    resolution: {integrity: sha512-pxQJQzB6djGPXh08dacEloMFopsOqGVRKFPYvPOt9XDZ1HasbgDZA74CJGreSU4G3Ak7EFJGoiH2auq+yXISgA==}
    engines: {node: '>=18'}

  minimist@1.2.8:
    resolution: {integrity: sha512-2yyAR8qBkN3YuheJanUpWC5U3bb5osDywNB8RzDVlDwDHbocAJveqqj1u8+SVD7jkWT4yvsHCpWqqWqAxb0zCA==}

  neo-async@2.6.2:
    resolution: {integrity: sha512-Yd3UES5mWCSqR+qNT93S3UoYUkqAZ9lLg8a7g9rimsWmYGK8cVToA4/sF3RrshdyV3sAGMXVUmpMYOw+dLpOuw==}

  normalize-package-data@6.0.2:
    resolution: {integrity: sha512-V6gygoYb/5EmNI+MEGrWkC+e6+Rr7mTmfHrxDbLzxQogBkgzo76rkok0Am6thgSF7Mv2nLOajAJj5vDJZEFn7g==}
    engines: {node: ^16.14.0 || >=18.0.0}

  parse-json@8.3.0:
    resolution: {integrity: sha512-ybiGyvspI+fAoRQbIPRddCcSTV9/LsJbf0e/S85VLowVGzRmokfneg2kwVW/KU5rOXrPSbF1qAKPMgNTqqROQQ==}
    engines: {node: '>=18'}

  picocolors@1.1.1:
    resolution: {integrity: sha512-xceH2snhtb5M9liqDsmEw56le376mTZkEX/jEb/RxNFyegNul7eNslCXP9FDj/Lcu0X8KEyMceP2ntpaHrDEVA==}

  prompts@2.4.2:
    resolution: {integrity: sha512-NxNv/kLguCA7p3jE8oL2aEBsrJWgAakBpgmgK6lpPWV+WuOmY6r2/zbAVnP+T8bQlA0nzHXSJSJW0Hq7ylaD2Q==}
    engines: {node: '>= 6'}

  read-package-up@11.0.0:
    resolution: {integrity: sha512-MbgfoNPANMdb4oRBNg5eqLbB2t2r+o5Ua1pNt8BqGp4I0FJZhuVSOj3PaBPni4azWuSzEdNn2evevzVmEk1ohQ==}
    engines: {node: '>=18'}

  read-pkg@9.0.1:
    resolution: {integrity: sha512-9viLL4/n1BJUCT1NXVTdS1jtm80yDEgR5T4yCelII49Mbj0v1rZdKqj7zCiYdbB0CuCgdrvHcNogAKTFPBocFA==}
    engines: {node: '>=18'}

  semver@7.7.2:
    resolution: {integrity: sha512-RF0Fw+rO5AMf9MAyaRXI4AV0Ulj5lMHqVxxdSgiVbixSCXoEmmX/jk0CuJw4+3SqroYO9VoUh+HcuJivvtJemA==}
    engines: {node: '>=10'}
    hasBin: true

  sisteransi@1.0.5:
    resolution: {integrity: sha512-bLGGlR1QxBcynn2d5YmDX4MGjlZvy2MRBDRNHLJ8VI6l6+9FUiyTFNJ0IveOSP0bcXgVDPRcfGqA0pjaqUpfVg==}

  source-map@0.6.1:
    resolution: {integrity: sha512-UjgapumWlbMhkBgzT7Ykc5YXUT46F0iKu8SGXq0bcwP5dz/h0Plj6enJqjz1Zbq2l5WaqYnrVbwWOWMyF3F47g==}
    engines: {node: '>=0.10.0'}

  spdx-correct@3.2.0:
    resolution: {integrity: sha512-kN9dJbvnySHULIluDHy32WHRUu3Og7B9sbY7tsFLctQkIqnMh3hErYgdMjTYuqmcXX+lK5T1lnUt3G7zNswmZA==}

  spdx-exceptions@2.5.0:
    resolution: {integrity: sha512-PiU42r+xO4UbUS1buo3LPJkjlO7430Xn5SVAhdpzzsPHsjbYVflnnFdATgabnLude+Cqu25p6N+g2lw/PFsa4w==}

  spdx-expression-parse@3.0.1:
    resolution: {integrity: sha512-cbqHunsQWnJNE6KhVSMsMeH5H/L9EpymbzqTQ3uLwNCLZ1Q481oWaofqH7nO6V07xlXwY6PhQdQ2IedWx/ZK4Q==}

  spdx-license-ids@3.0.21:
    resolution: {integrity: sha512-Bvg/8F5XephndSK3JffaRqdT+gyhfqIPwDHpX80tJrF8QQRYMo8sNMeaZ2Dp5+jhwKnUmIOyFFQfHRkjJm5nXg==}

  supports-color@7.2.0:
    resolution: {integrity: sha512-qpCAvRl9stuOHveKsn7HncJRvv501qIacKzQlO/+Lwxc9+0q2wLyv4Dfvt80/DPn2pqOBsJdDiogXGR9+OvwRw==}
    engines: {node: '>=8'}

  temp-dir@3.0.0:
    resolution: {integrity: sha512-nHc6S/bwIilKHNRgK/3jlhDoIHcp45YgyiwcAk46Tr0LfEqGBVpmiAyuiuxeVE44m3mXnEeVhaipLOEWmH+Njw==}
    engines: {node: '>=14.16'}

  tempfile@5.0.0:
    resolution: {integrity: sha512-bX655WZI/F7EoTDw9JvQURqAXiPHi8o8+yFxPF2lWYyz1aHnmMRuXWqL6YB6GmeO0o4DIYWHLgGNi/X64T+X4Q==}
    engines: {node: '>=14.18'}

  type-fest@4.41.0:
    resolution: {integrity: sha512-TeTSQ6H5YHvpqVwBRcnLDCBnDOHWYu7IvGbHT6N8AOymcr9PJGjc1GTtiWZTYg0NCgYwvnYWEkVChQAr9bjfwA==}
    engines: {node: '>=16'}

  uglify-js@3.19.3:
    resolution: {integrity: sha512-v3Xu+yuwBXisp6QYTcH4UbH+xYJXqnq2m/LtQVWKWzYc1iehYnLixoQDN9FH6/j9/oybfd6W9Ghwkl8+UMKTKQ==}
    engines: {node: '>=0.8.0'}
    hasBin: true

  unicorn-magic@0.1.0:
    resolution: {integrity: sha512-lRfVq8fE8gz6QMBuDM6a+LO3IAzTi05H6gCVaUpir2E1Rwpo4ZUog45KpNXKC/Mn3Yb9UDuHumeFTo9iV/D9FQ==}
    engines: {node: '>=18'}

  validate-npm-package-license@3.0.4:
    resolution: {integrity: sha512-DpKm2Ui/xN7/HQKCtpZxoRWBhZ9Z0kqtygG8XCgNQ8ZlDnxuQmWhj566j8fN4Cu3/JmbhsDo7fcAJq4s9h27Ew==}

  wordwrap@1.0.0:
    resolution: {integrity: sha512-gvVzJFlPycKc5dZN4yPkP8w7Dc37BtP1yczEneOb4uq34pXZcvrtRTmWV8W+Ume+XCxKgbjM+nevkyFPMybd4Q==}

snapshots:

  '@babel/code-frame@7.27.1':
    dependencies:
      '@babel/helper-validator-identifier': 7.27.1
      js-tokens: 4.0.0
      picocolors: 1.1.1

  '@babel/helper-validator-identifier@7.27.1': {}

  '@conventional-changelog/git-client@1.0.1(conventional-commits-filter@5.0.0)(conventional-commits-parser@6.1.0)':
    dependencies:
      '@types/semver': 7.7.0
      semver: 7.7.2
    optionalDependencies:
      conventional-commits-filter: 5.0.0
      conventional-commits-parser: 6.1.0

  '@hutson/parse-repository-url@5.0.0': {}

  '@types/normalize-package-data@2.4.4': {}

  '@types/semver@7.7.0': {}

  add-stream@1.0.0: {}

  ansi-styles@4.3.0:
    dependencies:
      color-convert: 2.0.1

  array-ify@1.0.0: {}

  chalk@4.1.2:
    dependencies:
      ansi-styles: 4.3.0
      supports-color: 7.2.0

  color-convert@2.0.1:
    dependencies:
      color-name: 1.1.4

  color-name@1.1.4: {}

  compare-func@2.0.0:
    dependencies:
      array-ify: 1.0.0
      dot-prop: 5.3.0

  conventional-changelog-angular@8.0.0:
    dependencies:
      compare-func: 2.0.0

  conventional-changelog-atom@5.0.0: {}

  conventional-changelog-cli@5.0.0(conventional-commits-filter@5.0.0):
    dependencies:
      add-stream: 1.0.0
      conventional-changelog: 6.0.0(conventional-commits-filter@5.0.0)
      meow: 13.2.0
      tempfile: 5.0.0
    transitivePeerDependencies:
      - conventional-commits-filter

  conventional-changelog-codemirror@5.0.0: {}

  conventional-changelog-conventionalcommits@8.0.0:
    dependencies:
      compare-func: 2.0.0

  conventional-changelog-core@8.0.0(conventional-commits-filter@5.0.0):
    dependencies:
      '@hutson/parse-repository-url': 5.0.0
      add-stream: 1.0.0
      conventional-changelog-writer: 8.1.0
      conventional-commits-parser: 6.1.0
      git-raw-commits: 5.0.0(conventional-commits-filter@5.0.0)(conventional-commits-parser@6.1.0)
      git-semver-tags: 8.0.0(conventional-commits-filter@5.0.0)(conventional-commits-parser@6.1.0)
      hosted-git-info: 7.0.2
      normalize-package-data: 6.0.2
      read-package-up: 11.0.0
      read-pkg: 9.0.1
    transitivePeerDependencies:
      - conventional-commits-filter

  conventional-changelog-ember@5.0.0: {}

  conventional-changelog-eslint@6.0.0: {}

  conventional-changelog-express@5.0.0: {}

  conventional-changelog-jquery@6.0.0: {}

  conventional-changelog-jshint@5.0.0:
    dependencies:
      compare-func: 2.0.0

  conventional-changelog-preset-loader@5.0.0: {}

  conventional-changelog-writer@8.1.0:
    dependencies:
      conventional-commits-filter: 5.0.0
      handlebars: 4.7.8
      meow: 13.2.0
      semver: 7.7.2

  conventional-changelog@6.0.0(conventional-commits-filter@5.0.0):
    dependencies:
      conventional-changelog-angular: 8.0.0
      conventional-changelog-atom: 5.0.0
      conventional-changelog-codemirror: 5.0.0
      conventional-changelog-conventionalcommits: 8.0.0
      conventional-changelog-core: 8.0.0(conventional-commits-filter@5.0.0)
      conventional-changelog-ember: 5.0.0
      conventional-changelog-eslint: 6.0.0
      conventional-changelog-express: 5.0.0
      conventional-changelog-jquery: 6.0.0
      conventional-changelog-jshint: 5.0.0
      conventional-changelog-preset-loader: 5.0.0
    transitivePeerDependencies:
      - conventional-commits-filter

  conventional-commits-filter@5.0.0: {}

  conventional-commits-parser@6.1.0:
    dependencies:
      meow: 13.2.0

  dot-prop@5.3.0:
    dependencies:
      is-obj: 2.0.0

  find-up-simple@1.0.1: {}

  git-raw-commits@5.0.0(conventional-commits-filter@5.0.0)(conventional-commits-parser@6.1.0):
    dependencies:
      '@conventional-changelog/git-client': 1.0.1(conventional-commits-filter@5.0.0)(conventional-commits-parser@6.1.0)
      meow: 13.2.0
    transitivePeerDependencies:
      - conventional-commits-filter
      - conventional-commits-parser

  git-semver-tags@8.0.0(conventional-commits-filter@5.0.0)(conventional-commits-parser@6.1.0):
    dependencies:
      '@conventional-changelog/git-client': 1.0.1(conventional-commits-filter@5.0.0)(conventional-commits-parser@6.1.0)
      meow: 13.2.0
    transitivePeerDependencies:
      - conventional-commits-filter
      - conventional-commits-parser

  handlebars@4.7.8:
    dependencies:
      minimist: 1.2.8
      neo-async: 2.6.2
      source-map: 0.6.1
      wordwrap: 1.0.0
    optionalDependencies:
      uglify-js: 3.19.3

  has-flag@4.0.0: {}

  hosted-git-info@7.0.2:
    dependencies:
      lru-cache: 10.4.3

  index-to-position@1.1.0: {}

  is-obj@2.0.0: {}

  js-tokens@4.0.0: {}

  kleur@3.0.3: {}

  lru-cache@10.4.3: {}

  meow@13.2.0: {}

  minimist@1.2.8: {}

  neo-async@2.6.2: {}

  normalize-package-data@6.0.2:
    dependencies:
      hosted-git-info: 7.0.2
      semver: 7.7.2
      validate-npm-package-license: 3.0.4

  parse-json@8.3.0:
    dependencies:
      '@babel/code-frame': 7.27.1
      index-to-position: 1.1.0
      type-fest: 4.41.0

  picocolors@1.1.1: {}

  prompts@2.4.2:
    dependencies:
      kleur: 3.0.3
      sisteransi: 1.0.5

  read-package-up@11.0.0:
    dependencies:
      find-up-simple: 1.0.1
      read-pkg: 9.0.1
      type-fest: 4.41.0

  read-pkg@9.0.1:
    dependencies:
      '@types/normalize-package-data': 2.4.4
      normalize-package-data: 6.0.2
      parse-json: 8.3.0
      type-fest: 4.41.0
      unicorn-magic: 0.1.0

  semver@7.7.2: {}

  sisteransi@1.0.5: {}

  source-map@0.6.1: {}

  spdx-correct@3.2.0:
    dependencies:
      spdx-expression-parse: 3.0.1
      spdx-license-ids: 3.0.21

  spdx-exceptions@2.5.0: {}

  spdx-expression-parse@3.0.1:
    dependencies:
      spdx-exceptions: 2.5.0
      spdx-license-ids: 3.0.21

  spdx-license-ids@3.0.21: {}

  supports-color@7.2.0:
    dependencies:
      has-flag: 4.0.0

  temp-dir@3.0.0: {}

  tempfile@5.0.0:
    dependencies:
      temp-dir: 3.0.0

  type-fest@4.41.0: {}

  uglify-js@3.19.3:
    optional: true

  unicorn-magic@0.1.0: {}

  validate-npm-package-license@3.0.4:
    dependencies:
      spdx-correct: 3.2.0
      spdx-expression-parse: 3.0.1

  wordwrap@1.0.0: {}
